speakeasyVersion: 1.570.2
sources:
    Polar-OAS:
        sourceNamespace: polar-oas
        sourceRevisionDigest: sha256:287d8858d25bcb7a98b7728b1742b2830cb9d03039aa3cccb45d66a16d12279d
        sourceBlobDigest: sha256:bd26c6a00c10971da378adcd633f51c8bfdaf1fe7745fab95f2f260bda21578b
        tags:
            - latest
            - speakeasy-sdk-regen-1750724382
            - 0.1.0
targets:
    polar:
        source: Polar-OAS
        sourceNamespace: polar-oas
        sourceRevisionDigest: sha256:287d8858d25bcb7a98b7728b1742b2830cb9d03039aa3cccb45d66a16d12279d
        sourceBlobDigest: sha256:bd26c6a00c10971da378adcd633f51c8bfdaf1fe7745fab95f2f260bda21578b
        codeSamplesNamespace: polar-api-php-code-samples
        codeSamplesRevisionDigest: sha256:d4c40985fbdbce51a4ee1f948d33eeb2ef5edd359c37b1ae221b424669e26011
workflow:
    workflowVersion: 1.0.0
    speakeasyVersion: latest
    sources:
        Polar-OAS:
            inputs:
                - location: https://api.polar.sh/openapi.json
            overlays:
                - location: https://raw.githubusercontent.com/polarsource/polar/main/sdk/overlays/security.yml
                - location: https://raw.githubusercontent.com/polarsource/polar/main/sdk/overlays/type_parameter.yml
                - location: https://raw.githubusercontent.com/polarsource/polar/main/sdk/overlays/read_only.yml
                - location: https://raw.githubusercontent.com/polarsource/polar/main/sdk/overlays/event_discriminator.yml
            registry:
                location: registry.speakeasyapi.dev/polar/polar/polar-oas
    targets:
        polar:
            target: php
            source: Polar-OAS
            publish:
                packagist:
                    username: polar
                    token: $packagist_token
            codeSamples:
                registry:
                    location: registry.speakeasyapi.dev/polar/polar/polar-api-php-code-samples
                labelOverride:
                    fixedValue: PHP (SDK)
                blocking: false
