speakeasyVersion: 1.529.1
sources:
    Polar-OAS:
        sourceNamespace: polar-oas
        sourceRevisionDigest: sha256:34309b29c9684fa54bac778c7c146b18d9124ed59782032b5c5c718cdf41ab4b
        sourceBlobDigest: sha256:9fd1f40173cb30529fa37062dbe0d839bac6106b83105acead9b93a4a0215433
        tags:
            - latest
            - speakeasy-sdk-regen-1743639460
            - 0.1.0
targets:
    polar:
        source: Polar-OAS
        sourceNamespace: polar-oas
        sourceRevisionDigest: sha256:34309b29c9684fa54bac778c7c146b18d9124ed59782032b5c5c718cdf41ab4b
        sourceBlobDigest: sha256:9fd1f40173cb30529fa37062dbe0d839bac6106b83105acead9b93a4a0215433
        codeSamplesNamespace: polar-api-php-code-samples
        codeSamplesRevisionDigest: sha256:862b8f8eb5675dedd44a962ea7d7e1fc98d4f771a33ccf1e05dfe69de73a296c
workflow:
    workflowVersion: 1.0.0
    speakeasyVersion: latest
    sources:
        Polar-OAS:
            inputs:
                - location: https://api.polar.sh/openapi.json
            overlays:
                - location: https://raw.githubusercontent.com/polarsource/polar/main/sdk/overlays/security.yml
                - location: https://raw.githubusercontent.com/polarsource/polar/main/sdk/overlays/type_parameter.yml
                - location: https://raw.githubusercontent.com/polarsource/polar/main/sdk/overlays/product_price_discriminator.yml
                - location: https://raw.githubusercontent.com/polarsource/polar/main/sdk/overlays/read_only.yml
            registry:
                location: registry.speakeasyapi.dev/polar/polar/polar-oas
    targets:
        polar:
            target: php
            source: Polar-OAS
            publish:
                packagist:
                    username: polar
                    token: $packagist_token
            codeSamples:
                registry:
                    location: registry.speakeasyapi.dev/polar/polar/polar-api-php-code-samples
                labelOverride:
                    fixedValue: PHP (SDK)
                blocking: false
