speakeasyVersion: 1.533.0
sources:
    Polar-OAS:
        sourceNamespace: polar-oas
        sourceRevisionDigest: sha256:a75219beb96b8098a99b24c4f57f810ff20a28699be28ba22617e03edccb905e
        sourceBlobDigest: sha256:7bea8792738698015798ca2b95ba8e71d9fbc2cbcacb0c75668d2ce3612af178
        tags:
            - latest
            - speakeasy-sdk-regen-1744676322
            - 0.1.0
targets:
    polar:
        source: Polar-OAS
        sourceNamespace: polar-oas
        sourceRevisionDigest: sha256:a75219beb96b8098a99b24c4f57f810ff20a28699be28ba22617e03edccb905e
        sourceBlobDigest: sha256:7bea8792738698015798ca2b95ba8e71d9fbc2cbcacb0c75668d2ce3612af178
        codeSamplesNamespace: polar-api-php-code-samples
        codeSamplesRevisionDigest: sha256:0dbbcc67b2063aa1c68ecbabbd1e1bcf9176b23677a16e1031b25a7ad8662c2a
workflow:
    workflowVersion: 1.0.0
    speakeasyVersion: latest
    sources:
        Polar-OAS:
            inputs:
                - location: https://api.polar.sh/openapi.json
            overlays:
                - location: https://raw.githubusercontent.com/polarsource/polar/main/sdk/overlays/security.yml
                - location: https://raw.githubusercontent.com/polarsource/polar/main/sdk/overlays/type_parameter.yml
                - location: https://raw.githubusercontent.com/polarsource/polar/main/sdk/overlays/product_price_discriminator.yml
                - location: https://raw.githubusercontent.com/polarsource/polar/main/sdk/overlays/read_only.yml
            registry:
                location: registry.speakeasyapi.dev/polar/polar/polar-oas
    targets:
        polar:
            target: php
            source: Polar-OAS
            publish:
                packagist:
                    username: polar
                    token: $packagist_token
            codeSamples:
                registry:
                    location: registry.speakeasyapi.dev/polar/polar/polar-api-php-code-samples
                labelOverride:
                    fixedValue: PHP (SDK)
                blocking: false
